
Microsoft Visual Studio Solution File, Format Version 12.00
Project("{FAE04EC0-301F-11D3-BF4B-00C04F79EFBC}") = "DevopsProject", "DevopsProject\DevopsProject.csproj", "{04741BCB-4082-4E79-993F-BE2BBAC0CE84}"
EndProject
Project("{FAE04EC0-301F-11D3-BF4B-00C04F79EFBC}") = "DevopsProject.Tests", "DevopsProject.Tests\DevopsProject.Tests.csproj", "{9B5A56F5-39D4-4591-9A36-1999C4BB3E58}"
EndProject
Global
	GlobalSection(SolutionConfigurationPlatforms) = preSolution
		Debug|Any CPU = Debug|Any CPU
		Release|Any CPU = Release|Any CPU
	EndGlobalSection
	GlobalSection(ProjectConfigurationPlatforms) = postSolution
		{04741BCB-4082-4E79-993F-BE2BBAC0CE84}.Debug|Any CPU.ActiveCfg = Debug|Any CPU
		{04741BCB-4082-4E79-993F-BE2BBAC0CE84}.Debug|Any CPU.Build.0 = Debug|Any CPU
		{04741BCB-4082-4E79-993F-BE2BBAC0CE84}.Release|Any CPU.ActiveCfg = Release|Any CPU
		{04741BCB-4082-4E79-993F-BE2BBAC0CE84}.Release|Any CPU.Build.0 = Release|Any CPU
		{9B5A56F5-39D4-4591-9A36-1999C4BB3E58}.Debug|Any CPU.ActiveCfg = Debug|Any CPU
		{9B5A56F5-39D4-4591-9A36-1999C4BB3E58}.Debug|Any CPU.Build.0 = Debug|Any CPU
		{9B5A56F5-39D4-4591-9A36-1999C4BB3E58}.Release|Any CPU.ActiveCfg = Release|Any CPU
		{9B5A56F5-39D4-4591-9A36-1999C4BB3E58}.Release|Any CPU.Build.0 = Release|Any CPU
	EndGlobalSection
EndGlobal
